
Microsoft Visual Studio Solution File, Format Version 12.00
# Visual Studio Version 16
VisualStudioVersion = 16.0.32228.343
MinimumVisualStudioVersion = 10.0.40219.1
Project("{FAE04EC0-301F-11D3-BF4B-00C04F79EFBC}") = "CompositDp2", "CompositDp2\CompositDp2.csproj", "{3F665EDD-7E80-4D29-B7A3-3AECEA86F153}"
EndProject
Global
	GlobalSection(SolutionConfigurationPlatforms) = preSolution
		Debug|Any CPU = Debug|Any CPU
		Release|Any CPU = Release|Any CPU
	EndGlobalSection
	GlobalSection(ProjectConfigurationPlatforms) = postSolution
		{3F665EDD-7E80-4D29-B7A3-3AECEA86F153}.Debug|Any CPU.ActiveCfg = Debug|Any CPU
		{3F665EDD-7E80-4D29-B7A3-3AECEA86F153}.Debug|Any CPU.Build.0 = Debug|Any CPU
		{3F665EDD-7E80-4D29-B7A3-3AECEA86F153}.Release|Any CPU.ActiveCfg = Release|Any CPU
		{3F665EDD-7E80-4D29-B7A3-3AECEA86F153}.Release|Any CPU.Build.0 = Release|Any CPU
	EndGlobalSection
	GlobalSection(SolutionProperties) = preSolution
		HideSolutionNode = FALSE
	EndGlobalSection
	GlobalSection(ExtensibilityGlobals) = postSolution
		SolutionGuid = {C89ED520-D75A-4D8B-9803-63BA510F404E}
	EndGlobalSection
EndGlobal
